
Microsoft Visual Studio Solution File, Format Version 12.00
# Visual Studio Version 18
VisualStudioVersion = 18.1.11312.151
MinimumVisualStudioVersion = 10.0.40219.1
Project("{2150E333-8FDC-42A3-9474-1A3956D46DE8}") = "src", "src", "{827E0CD3-B72D-47B6-A68D-7590B98EB39B}"
EndProject
Project("{2150E333-8FDC-42A3-9474-1A3956D46DE8}") = "tests", "tests", "{0AB3BF05-4346-4AA6-1389-037BE0695223}"
EndProject
Project("{2150E333-8FDC-42A3-9474-1A3956D46DE8}") = "benchmarks", "benchmarks", "{66320409-64EC-F7C5-3DEF-65E7510DAAD1}"
EndProject
Project("{FAE04EC0-301F-11D3-BF4B-00C04F79EFBC}") = "Wolfgang.TryPattern.Benchmarks", "benchmarks\Wolfgang.TryPattern.Benchmarks\Wolfgang.TryPattern.Benchmarks.csproj", "{ACB0B913-A788-CAA1-A2E7-B67D795408AD}"
EndProject
Project("{FAE04EC0-301F-11D3-BF4B-00C04F79EFBC}") = "Wolfgang.TryPattern", "src\Wolfgang.TryPattern\Wolfgang.TryPattern.csproj", "{3FB74DD2-4B26-0557-3592-895CBAB98A02}"
EndProject
Project("{FAE04EC0-301F-11D3-BF4B-00C04F79EFBC}") = "Wolfgang.TryPattern.Tests", "tests\Wolfgang.TryPattern.Tests\Wolfgang.TryPattern.Tests.csproj", "{4F845621-E0AF-82E7-36F6-4656DB52ED78}"
EndProject
Project("{2150E333-8FDC-42A3-9474-1A3956D46DE8}") = "examples", "examples", "{E2B4145B-6A0B-4011-9F72-08D7B0223858}"
EndProject
Project("{FAE04EC0-301F-11D3-BF4B-00C04F79EFBC}") = "Wolfgang.TryPattern.Example1", "examples\Wolfgang.TryPattern.Example1\Wolfgang.TryPattern.Example1.csproj", "{E4EC43C9-6498-710F-9177-96F30D1D6B65}"
EndProject
Project("{2150E333-8FDC-42A3-9474-1A3956D46DE8}") = "docs", "docs", "{A8070992-C05E-4286-8005-05AF955C4CAB}"
	ProjectSection(SolutionItems) = preProject
		docs\index.html = docs\index.html
	EndProjectSection
EndProject
Project("{2150E333-8FDC-42A3-9474-1A3956D46DE8}") = "docfx_project", "docfx_project", "{7122EC59-A4D2-4111-91EE-5C93EE4FFFAF}"
	ProjectSection(SolutionItems) = preProject
		docfx_project\docfx.json = docfx_project\docfx.json
		docfx_project\index.md = docfx_project\index.md
	EndProjectSection
EndProject
Project("{2150E333-8FDC-42A3-9474-1A3956D46DE8}") = ".github", ".github", "{CEDF58AF-A696-4F7B-8D0C-9FC53C343B33}"
	ProjectSection(SolutionItems) = preProject
		.github\CODEOWNERS = .github\CODEOWNERS
		.github\copilot-instructions.md = .github\copilot-instructions.md
		.github\dependabot.yml = .github\dependabot.yml
		.github\pull_request_template.md = .github\pull_request_template.md
	EndProjectSection
EndProject
Project("{2150E333-8FDC-42A3-9474-1A3956D46DE8}") = "workflows", "workflows", "{00469A08-D076-4CAE-A96A-827445F6BFD9}"
	ProjectSection(SolutionItems) = preProject
		.github\workflows\create-labels.yaml = .github\workflows\create-labels.yaml
		.github\workflows\docfx.yaml = .github\workflows\docfx.yaml
		.github\workflows\pr.yaml = .github\workflows\pr.yaml
		.github\workflows\release.yaml = .github\workflows\release.yaml
	EndProjectSection
EndProject
Project("{2150E333-8FDC-42A3-9474-1A3956D46DE8}") = "ISSUE_TEMPLATE", "ISSUE_TEMPLATE", "{691A7AFE-8055-46AE-8D60-C397094BBCD3}"
	ProjectSection(SolutionItems) = preProject
		.github\ISSUE_TEMPLATE\BUG_REPORT.yaml = .github\ISSUE_TEMPLATE\BUG_REPORT.yaml
		.github\ISSUE_TEMPLATE\feature_request.md = .github\ISSUE_TEMPLATE\feature_request.md
	EndProjectSection
EndProject
Global
	GlobalSection(SolutionConfigurationPlatforms) = preSolution
		Debug|Any CPU = Debug|Any CPU
		Debug|x64 = Debug|x64
		Debug|x86 = Debug|x86
		Release|Any CPU = Release|Any CPU
		Release|x64 = Release|x64
		Release|x86 = Release|x86
	EndGlobalSection
	GlobalSection(ProjectConfigurationPlatforms) = postSolution
		{ACB0B913-A788-CAA1-A2E7-B67D795408AD}.Debug|Any CPU.ActiveCfg = Debug|Any CPU
		{ACB0B913-A788-CAA1-A2E7-B67D795408AD}.Debug|Any CPU.Build.0 = Debug|Any CPU
		{ACB0B913-A788-CAA1-A2E7-B67D795408AD}.Debug|x64.ActiveCfg = Debug|Any CPU
		{ACB0B913-A788-CAA1-A2E7-B67D795408AD}.Debug|x64.Build.0 = Debug|Any CPU
		{ACB0B913-A788-CAA1-A2E7-B67D795408AD}.Debug|x86.ActiveCfg = Debug|Any CPU
		{ACB0B913-A788-CAA1-A2E7-B67D795408AD}.Debug|x86.Build.0 = Debug|Any CPU
		{ACB0B913-A788-CAA1-A2E7-B67D795408AD}.Release|Any CPU.ActiveCfg = Release|Any CPU
		{ACB0B913-A788-CAA1-A2E7-B67D795408AD}.Release|Any CPU.Build.0 = Release|Any CPU
		{ACB0B913-A788-CAA1-A2E7-B67D795408AD}.Release|x64.ActiveCfg = Release|Any CPU
		{ACB0B913-A788-CAA1-A2E7-B67D795408AD}.Release|x64.Build.0 = Release|Any CPU
		{ACB0B913-A788-CAA1-A2E7-B67D795408AD}.Release|x86.ActiveCfg = Release|Any CPU
		{ACB0B913-A788-CAA1-A2E7-B67D795408AD}.Release|x86.Build.0 = Release|Any CPU
		{3FB74DD2-4B26-0557-3592-895CBAB98A02}.Debug|Any CPU.ActiveCfg = Debug|Any CPU
		{3FB74DD2-4B26-0557-3592-895CBAB98A02}.Debug|Any CPU.Build.0 = Debug|Any CPU
		{3FB74DD2-4B26-0557-3592-895CBAB98A02}.Debug|x64.ActiveCfg = Debug|Any CPU
		{3FB74DD2-4B26-0557-3592-895CBAB98A02}.Debug|x64.Build.0 = Debug|Any CPU
		{3FB74DD2-4B26-0557-3592-895CBAB98A02}.Debug|x86.ActiveCfg = Debug|Any CPU
		{3FB74DD2-4B26-0557-3592-895CBAB98A02}.Debug|x86.Build.0 = Debug|Any CPU
		{3FB74DD2-4B26-0557-3592-895CBAB98A02}.Release|Any CPU.ActiveCfg = Release|Any CPU
		{3FB74DD2-4B26-0557-3592-895CBAB98A02}.Release|Any CPU.Build.0 = Release|Any CPU
		{3FB74DD2-4B26-0557-3592-895CBAB98A02}.Release|x64.ActiveCfg = Release|Any CPU
		{3FB74DD2-4B26-0557-3592-895CBAB98A02}.Release|x64.Build.0 = Release|Any CPU
		{3FB74DD2-4B26-0557-3592-895CBAB98A02}.Release|x86.ActiveCfg = Release|Any CPU
		{3FB74DD2-4B26-0557-3592-895CBAB98A02}.Release|x86.Build.0 = Release|Any CPU
		{4F845621-E0AF-82E7-36F6-4656DB52ED78}.Debug|Any CPU.ActiveCfg = Debug|Any CPU
		{4F845621-E0AF-82E7-36F6-4656DB52ED78}.Debug|Any CPU.Build.0 = Debug|Any CPU
		{4F845621-E0AF-82E7-36F6-4656DB52ED78}.Debug|x64.ActiveCfg = Debug|Any CPU
		{4F845621-E0AF-82E7-36F6-4656DB52ED78}.Debug|x64.Build.0 = Debug|Any CPU
		{4F845621-E0AF-82E7-36F6-4656DB52ED78}.Debug|x86.ActiveCfg = Debug|Any CPU
		{4F845621-E0AF-82E7-36F6-4656DB52ED78}.Debug|x86.Build.0 = Debug|Any CPU
		{4F845621-E0AF-82E7-36F6-4656DB52ED78}.Release|Any CPU.ActiveCfg = Release|Any CPU
		{4F845621-E0AF-82E7-36F6-4656DB52ED78}.Release|Any CPU.Build.0 = Release|Any CPU
		{4F845621-E0AF-82E7-36F6-4656DB52ED78}.Release|x64.ActiveCfg = Release|Any CPU
		{4F845621-E0AF-82E7-36F6-4656DB52ED78}.Release|x64.Build.0 = Release|Any CPU
		{4F845621-E0AF-82E7-36F6-4656DB52ED78}.Release|x86.ActiveCfg = Release|Any CPU
		{4F845621-E0AF-82E7-36F6-4656DB52ED78}.Release|x86.Build.0 = Release|Any CPU
		{E4EC43C9-6498-710F-9177-96F30D1D6B65}.Debug|Any CPU.ActiveCfg = Debug|Any CPU
		{E4EC43C9-6498-710F-9177-96F30D1D6B65}.Debug|Any CPU.Build.0 = Debug|Any CPU
		{E4EC43C9-6498-710F-9177-96F30D1D6B65}.Debug|x64.ActiveCfg = Debug|Any CPU
		{E4EC43C9-6498-710F-9177-96F30D1D6B65}.Debug|x64.Build.0 = Debug|Any CPU
		{E4EC43C9-6498-710F-9177-96F30D1D6B65}.Debug|x86.ActiveCfg = Debug|Any CPU
		{E4EC43C9-6498-710F-9177-96F30D1D6B65}.Debug|x86.Build.0 = Debug|Any CPU
		{E4EC43C9-6498-710F-9177-96F30D1D6B65}.Release|Any CPU.ActiveCfg = Release|Any CPU
		{E4EC43C9-6498-710F-9177-96F30D1D6B65}.Release|Any CPU.Build.0 = Release|Any CPU
		{E4EC43C9-6498-710F-9177-96F30D1D6B65}.Release|x64.ActiveCfg = Release|Any CPU
		{E4EC43C9-6498-710F-9177-96F30D1D6B65}.Release|x64.Build.0 = Release|Any CPU
		{E4EC43C9-6498-710F-9177-96F30D1D6B65}.Release|x86.ActiveCfg = Release|Any CPU
		{E4EC43C9-6498-710F-9177-96F30D1D6B65}.Release|x86.Build.0 = Release|Any CPU
	EndGlobalSection
	GlobalSection(SolutionProperties) = preSolution
		HideSolutionNode = FALSE
	EndGlobalSection
	GlobalSection(NestedProjects) = preSolution
		{ACB0B913-A788-CAA1-A2E7-B67D795408AD} = {66320409-64EC-F7C5-3DEF-65E7510DAAD1}
		{3FB74DD2-4B26-0557-3592-895CBAB98A02} = {827E0CD3-B72D-47B6-A68D-7590B98EB39B}
		{4F845621-E0AF-82E7-36F6-4656DB52ED78} = {0AB3BF05-4346-4AA6-1389-037BE0695223}
		{E4EC43C9-6498-710F-9177-96F30D1D6B65} = {E2B4145B-6A0B-4011-9F72-08D7B0223858}
		{00469A08-D076-4CAE-A96A-827445F6BFD9} = {CEDF58AF-A696-4F7B-8D0C-9FC53C343B33}
		{691A7AFE-8055-46AE-8D60-C397094BBCD3} = {CEDF58AF-A696-4F7B-8D0C-9FC53C343B33}
	EndGlobalSection
	GlobalSection(ExtensibilityGlobals) = postSolution
		SolutionGuid = {4B78A421-6F38-4A02-8673-B44E9F682D0F}
	EndGlobalSection
EndGlobal
